
Microsoft Visual Studio Solution File, Format Version 12.00
# Visual Studio Version 17
VisualStudioVersion = 17.8.34525.116
MinimumVisualStudioVersion = 10.0.40219.1
Project("{FAE04EC0-301F-11D3-BF4B-00C04F79EFBC}") = "MongoDBTool", "MongoDBTool.csproj", "{4DE43ABE-7B56-417A-B656-68DC0ED7073B}"
EndProject
Global
	GlobalSection(SolutionConfigurationPlatforms) = preSolution
		Debug|Any CPU = Debug|Any CPU
		Release|Any CPU = Release|Any CPU
	EndGlobalSection
	GlobalSection(ProjectConfigurationPlatforms) = postSolution
		{4DE43ABE-7B56-417A-B656-68DC0ED7073B}.Debug|Any CPU.ActiveCfg = Debug|Any CPU
		{4DE43ABE-7B56-417A-B656-68DC0ED7073B}.Debug|Any CPU.Build.0 = Debug|Any CPU
		{4DE43ABE-7B56-417A-B656-68DC0ED7073B}.Release|Any CPU.ActiveCfg = Release|Any CPU
		{4DE43ABE-7B56-417A-B656-68DC0ED7073B}.Release|Any CPU.Build.0 = Release|Any CPU
	EndGlobalSection
	GlobalSection(SolutionProperties) = preSolution
		HideSolutionNode = FALSE
	EndGlobalSection
	GlobalSection(ExtensibilityGlobals) = postSolution
		SolutionGuid = {2FB4D85E-F56A-4BA7-81B5-33398F68DE44}
	EndGlobalSection
EndGlobal
